
Microsoft Visual Studio Solution File, Format Version 12.00
# Visual Studio Version 17
VisualStudioVersion = 17.2.32616.157
MinimumVisualStudioVersion = 10.0.40219.1
Project("{FAE04EC0-301F-11D3-BF4B-00C04F79EFBC}") = "PruebaAplicacion", "PruebaAplicacion\PruebaAplicacion.csproj", "{101DA8F9-8EE7-4E86-8E10-8A8F94107855}"
EndProject
Global
	GlobalSection(SolutionConfigurationPlatforms) = preSolution
		Debug|Any CPU = Debug|Any CPU
		Release|Any CPU = Release|Any CPU
	EndGlobalSection
	GlobalSection(ProjectConfigurationPlatforms) = postSolution
		{101DA8F9-8EE7-4E86-8E10-8A8F94107855}.Debug|Any CPU.ActiveCfg = Debug|Any CPU
		{101DA8F9-8EE7-4E86-8E10-8A8F94107855}.Debug|Any CPU.Build.0 = Debug|Any CPU
		{101DA8F9-8EE7-4E86-8E10-8A8F94107855}.Release|Any CPU.ActiveCfg = Release|Any CPU
		{101DA8F9-8EE7-4E86-8E10-8A8F94107855}.Release|Any CPU.Build.0 = Release|Any CPU
	EndGlobalSection
	GlobalSection(SolutionProperties) = preSolution
		HideSolutionNode = FALSE
	EndGlobalSection
	GlobalSection(ExtensibilityGlobals) = postSolution
		SolutionGuid = {3FB36A07-2A86-4734-94C6-2810815EE44D}
	EndGlobalSection
EndGlobal
